// !$*UTF8*$!
{
	archiveVersion = 1;
	classes = {
	};
	objectVersion = 77;
	objects = {

/* Begin PBXBuildFile section */
		569880652FA5737A0013676F /* StoreKit.framework in Frameworks */ = {isa = PBXBuildFile; fileRef = 569880642FA5737A0013676F /* StoreKit.framework */; };
		5698810A2FA944CF0013676F /* GoogleMobileAds in Frameworks */ = {isa = PBXBuildFile; productRef = 569881092FA944CF0013676F /* GoogleMobileAds */; };
		56F7FAB02FADCD390042FEC5 /* FirebaseAnalytics in Frameworks */ = {isa = PBXBuildFile; productRef = 56F7FAAF2FADCD390042FEC5 /* FirebaseAnalytics */; };
		56F7FAB22FADCD390042FEC5 /* FirebaseCrashlytics in Frameworks */ = {isa = PBXBuildFile; productRef = 56F7FAB12FADCD390042FEC5 /* FirebaseCrashlytics */; };
/* End PBXBuildFile section */

/* Begin PBXContainerItemProxy section */
		56F25FE62F99E450000930EA /* PBXContainerItemProxy */ = {
			isa = PBXContainerItemProxy;
			containerPortal = 56F25FD02F99E44E000930EA /* Project object */;
			proxyType = 1;
			remoteGlobalIDString = 56F25FD72F99E44E000930EA;
			remoteInfo = Keligo;
		};
		56F25FF02F99E450000930EA /* PBXContainerItemProxy */ = {
			isa = PBXContainerItemProxy;
			containerPortal = 56F25FD02F99E44E000930EA /* Project object */;
			proxyType = 1;
			remoteGlobalIDString = 56F25FD72F99E44E000930EA;
			remoteInfo = Keligo;
		};
/* End PBXContainerItemProxy section */

/* Begin PBXFileReference section */
		569880642FA5737A0013676F /* StoreKit.framework */ = {isa = PBXFileReference; lastKnownFileType = wrapper.framework; name = StoreKit.framework; path = System/Library/Frameworks/StoreKit.framework; sourceTree = SDKROOT; };
		56F25FD82F99E44E000930EA /* Keligo.app */ = {isa = PBXFileReference; explicitFileType = wrapper.application; includeInIndex = 0; path = Keligo.app; sourceTree = BUILT_PRODUCTS_DIR; };
		56F25FE52F99E450000930EA /* KeligoTests.xctest */ = {isa = PBXFileReference; explicitFileType = wrapper.cfbundle; includeInIndex = 0; path = KeligoTests.xctest; sourceTree = BUILT_PRODUCTS_DIR; };
		56F25FEF2F99E450000930EA /* KeligoUITests.xctest */ = {isa = PBXFileReference; explicitFileType = wrapper.cfbundle; includeInIndex = 0; path = KeligoUITests.xctest; sourceTree = BUILT_PRODUCTS_DIR; };
/* End PBXFileReference section */

/* Begin PBXFileSystemSynchronizedBuildFileExceptionSet section */
		56C322E22FA9461300304B24 /* Exceptions for "Keligo" folder in "Keligo" target */ = {
			isa = PBXFileSystemSynchronizedBuildFileExceptionSet;
			membershipExceptions = (
				Info.plist,
			);
			target = 56F25FD72F99E44E000930EA /* Keligo */;
		};
/* End PBXFileSystemSynchronizedBuildFileExceptionSet section */

/* Begin PBXFileSystemSynchronizedRootGroup section */
		56F25FDA2F99E44E000930EA /* Keligo */ = {
			isa = PBXFileSystemSynchronizedRootGroup;
			exceptions = (
				56C322E22FA9461300304B24 /* Exceptions for "Keligo" folder in "Keligo" target */,
			);
			path = Keligo;
			sourceTree = "<group>";
		};
		56F25FE82F99E450000930EA /* KeligoTests */ = {
			isa = PBXFileSystemSynchronizedRootGroup;
			path = KeligoTests;
			sourceTree = "<group>";
		};
		56F25FF22F99E450000930EA /* KeligoUITests */ = {
			isa = PBXFileSystemSynchronizedRootGroup;
			path = KeligoUITests;
			sourceTree = "<group>";
		};
/* End PBXFileSystemSynchronizedRootGroup section */

/* Begin PBXFrameworksBuildPhase section */
		56F25FD52F99E44E000930EA /* Frameworks */ = {
			isa = PBXFrameworksBuildPhase;
			buildActionMask = 2147483647;
			files = (
				5698810A2FA944CF0013676F /* GoogleMobileAds in Frameworks */,
				56F7FAB22FADCD390042FEC5 /* FirebaseCrashlytics in Frameworks */,
				569880652FA5737A0013676F /* StoreKit.framework in Frameworks */,
				56F7FAB02FADCD390042FEC5 /* FirebaseAnalytics in Frameworks */,
			);
			runOnlyForDeploymentPostprocessing = 0;
		};
		56F25FE22F99E450000930EA /* Frameworks */ = {
			isa = PBXFrameworksBuildPhase;
			buildActionMask = 2147483647;
			files = (
			);
			runOnlyForDeploymentPostprocessing = 0;
		};
		56F25FEC2F99E450000930EA /* Frameworks */ = {
			isa = PBXFrameworksBuildPhase;
			buildActionMask = 2147483647;
			files = (
			);
			runOnlyForDeploymentPostprocessing = 0;
		};
/* End PBXFrameworksBuildPhase section */

/* Begin PBXGroup section */
		569880632FA5737A0013676F /* Frameworks */ = {
			isa = PBXGroup;
			children = (
				569880642FA5737A0013676F /* StoreKit.framework */,
			);
			name = Frameworks;
			sourceTree = "<group>";
		};
		56F25FCF2F99E44E000930EA = {
			isa = PBXGroup;
			children = (
				56F25FDA2F99E44E000930EA /* Keligo */,
				56F25FE82F99E450000930EA /* KeligoTests */,
				56F25FF22F99E450000930EA /* KeligoUITests */,
				569880632FA5737A0013676F /* Frameworks */,
				56F25FD92F99E44E000930EA /* Products */,
			);
			sourceTree = "<group>";
		};
		56F25FD92F99E44E000930EA /* Products */ = {
			isa = PBXGroup;
			children = (
				56F25FD82F99E44E000930EA /* Keligo.app */,
				56F25FE52F99E450000930EA /* KeligoTests.xctest */,
				56F25FEF2F99E450000930EA /* KeligoUITests.xctest */,
			);
			name = Products;
			sourceTree = "<group>";
		};
/* End PBXGroup section */

/* Begin PBXNativeTarget section */
		56F25FD72F99E44E000930EA /* Keligo */ = {
			isa = PBXNativeTarget;
			buildConfigurationList = 56F25FF92F99E450000930EA /* Build configuration list for PBXNativeTarget "Keligo" */;
			buildPhases = (
				56F25FD42F99E44E000930EA /* Sources */,
				56F25FD52F99E44E000930EA /* Frameworks */,
				56F25FD62F99E44E000930EA /* Resources */,
			);
			buildRules = (
			);
			dependencies = (
			);
			fileSystemSynchronizedGroups = (
				56F25FDA2F99E44E000930EA /* Keligo */,
			);
			name = Keligo;
			packageProductDependencies = (
				569881092FA944CF0013676F /* GoogleMobileAds */,
				56F7FAAF2FADCD390042FEC5 /* FirebaseAnalytics */,
				56F7FAB12FADCD390042FEC5 /* FirebaseCrashlytics */,
			);
			productName = Keligo;
			productReference = 56F25FD82F99E44E000930EA /* Keligo.app */;
			productType = "com.apple.product-type.application";
		};
		56F25FE42F99E450000930EA /* KeligoTests */ = {
			isa = PBXNativeTarget;
			buildConfigurationList = 56F25FFC2F99E450000930EA /* Build configuration list for PBXNativeTarget "KeligoTests" */;
			buildPhases = (
				56F25FE12F99E450000930EA /* Sources */,
				56F25FE22F99E450000930EA /* Frameworks */,
				56F25FE32F99E450000930EA /* Resources */,
			);
			buildRules = (
			);
			dependencies = (
				56F25FE72F99E450000930EA /* PBXTargetDependency */,
			);
			fileSystemSynchronizedGroups = (
				56F25FE82F99E450000930EA /* KeligoTests */,
			);
			name = KeligoTests;
			packageProductDependencies = (
			);
			productName = KeligoTests;
			productReference = 56F25FE52F99E450000930EA /* KeligoTests.xctest */;
			productType = "com.apple.product-type.bundle.unit-test";
		};
		56F25FEE2F99E450000930EA /* KeligoUITests */ = {
			isa = PBXNativeTarget;
			buildConfigurationList = 56F25FFF2F99E450000930EA /* Build configuration list for PBXNativeTarget "KeligoUITests" */;
			buildPhases = (
				56F25FEB2F99E450000930EA /* Sources */,
				56F25FEC2F99E450000930EA /* Frameworks */,
				56F25FED2F99E450000930EA /* Resources */,
			);
			buildRules = (
			);
			dependencies = (
				56F25FF12F99E450000930EA /* PBXTargetDependency */,
			);
			fileSystemSynchronizedGroups = (
				56F25FF22F99E450000930EA /* KeligoUITests */,
			);
			name = KeligoUITests;
			packageProductDependencies = (
			);
			productName = KeligoUITests;
			productReference = 56F25FEF2F99E450000930EA /* KeligoUITests.xctest */;
			productType = "com.apple.product-type.bundle.ui-testing";
		};
/* End PBXNativeTarget section */

/* Begin PBXProject section */
		56F25FD02F99E44E000930EA /* Project object */ = {
			isa = PBXProject;
			attributes = {
				BuildIndependentTargetsInParallel = 1;
				LastSwiftUpdateCheck = 2640;
				LastUpgradeCheck = 2640;
				TargetAttributes = {
					56F25FD72F99E44E000930EA = {
						CreatedOnToolsVersion = 26.4.1;
					};
					56F25FE42F99E450000930EA = {
						CreatedOnToolsVersion = 26.4.1;
						TestTargetID = 56F25FD72F99E44E000930EA;
					};
					56F25FEE2F99E450000930EA = {
						CreatedOnToolsVersion = 26.4.1;
						TestTargetID = 56F25FD72F99E44E000930EA;
					};
				};
			};
			buildConfigurationList = 56F25FD32F99E44E000930EA /* Build configuration list for PBXProject "Keligo" */;
			developmentRegion = en;
			hasScannedForEncodings = 0;
			knownRegions = (
				en,
				Base,
			);
			mainGroup = 56F25FCF2F99E44E000930EA;
			minimizedProjectReferenceProxies = 1;
			packageReferences = (
				5698806B2FA93FA60013676F /* XCRemoteSwiftPackageReference "swift-package-manager-google-mobile-ads" */,
				56F7FAAE2FADCD390042FEC5 /* XCRemoteSwiftPackageReference "firebase-ios-sdk" */,
			);
			preferredProjectObjectVersion = 77;
			productRefGroup = 56F25FD92F99E44E000930EA /* Products */;
			projectDirPath = "";
			projectRoot = "";
			targets = (
				56F25FD72F99E44E000930EA /* Keligo */,
				56F25FE42F99E450000930EA /* KeligoTests */,
				56F25FEE2F99E450000930EA /* KeligoUITests */,
			);
		};
/* End PBXProject section */

/* Begin PBXResourcesBuildPhase section */
		56F25FD62F99E44E000930EA /* Resources */ = {
			isa = PBXResourcesBuildPhase;
			buildActionMask = 2147483647;
			files = (
			);
			runOnlyForDeploymentPostprocessing = 0;
		};
		56F25FE32F99E450000930EA /* Resources */ = {
			isa = PBXResourcesBuildPhase;
			buildActionMask = 2147483647;
			files = (
			);
			runOnlyForDeploymentPostprocessing = 0;
		};
		56F25FED2F99E450000930EA /* Resources */ = {
			isa = PBXResourcesBuildPhase;
			buildActionMask = 2147483647;
			files = (
			);
			runOnlyForDeploymentPostprocessing = 0;
		};
/* End PBXResourcesBuildPhase section */

/* Begin PBXSourcesBuildPhase section */
		56F25FD42F99E44E000930EA /* Sources */ = {
			isa = PBXSourcesBuildPhase;
			buildActionMask = 2147483647;
			files = (
			);
			runOnlyForDeploymentPostprocessing = 0;
		};
		56F25FE12F99E450000930EA /* Sources */ = {
			isa = PBXSourcesBuildPhase;
			buildActionMask = 2147483647;
			files = (
			);
			runOnlyForDeploymentPostprocessing = 0;
		};
		56F25FEB2F99E450000930EA /* Sources */ = {
			isa = PBXSourcesBuildPhase;
			buildActionMask = 2147483647;
			files = (
			);
			runOnlyForDeploymentPostprocessing = 0;
		};
/* End PBXSourcesBuildPhase section */

/* Begin PBXTargetDependency section */
		56F25FE72F99E450000930EA /* PBXTargetDependency */ = {
			isa = PBXTargetDependency;
			target = 56F25FD72F99E44E000930EA /* Keligo */;
			targetProxy = 56F25FE62F99E450000930EA /* PBXContainerItemProxy */;
		};
		56F25FF12F99E450000930EA /* PBXTargetDependency */ = {
			isa = PBXTargetDependency;
			target = 56F25FD72F99E44E000930EA /* Keligo */;
			targetProxy = 56F25FF02F99E450000930EA /* PBXContainerItemProxy */;
		};
/* End PBXTargetDependency section */

/* Begin XCBuildConfiguration section */
		56F25FF72F99E450000930EA /* Debug */ = {
			isa = XCBuildConfiguration;
			buildSettings = {
				ALWAYS_SEARCH_USER_PATHS = NO;
				ASSETCATALOG_COMPILER_GENERATE_SWIFT_ASSET_SYMBOL_EXTENSIONS = YES;
				CLANG_ANALYZER_NONNULL = YES;
				CLANG_ANALYZER_NUMBER_OBJECT_CONVERSION = YES_AGGRESSIVE;
				CLANG_CXX_LANGUAGE_STANDARD = "gnu++20";
				CLANG_ENABLE_MODULES = YES;
				CLANG_ENABLE_OBJC_ARC = YES;
				CLANG_ENABLE_OBJC_WEAK = YES;
				CLANG_WARN_BLOCK_CAPTURE_AUTORELEASING = YES;
				CLANG_WARN_BOOL_CONVERSION = YES;
				CLANG_WARN_COMMA = YES;
				CLANG_WARN_CONSTANT_CONVERSION = YES;
				CLANG_WARN_DEPRECATED_OBJC_IMPLEMENTATIONS = YES;
				CLANG_WARN_DIRECT_OBJC_ISA_USAGE = YES_ERROR;
				CLANG_WARN_DOCUMENTATION_COMMENTS = YES;
				CLANG_WARN_EMPTY_BODY = YES;
				CLANG_WARN_ENUM_CONVERSION = YES;
				CLANG_WARN_INFINITE_RECURSION = YES;
				CLANG_WARN_INT_CONVERSION = YES;
				CLANG_WARN_NON_LITERAL_NULL_CONVERSION = YES;
				CLANG_WARN_OBJC_IMPLICIT_RETAIN_SELF = YES;
				CLANG_WARN_OBJC_LITERAL_CONVERSION = YES;
				CLANG_WARN_OBJC_ROOT_CLASS = YES_ERROR;
				CLANG_WARN_QUOTED_INCLUDE_IN_FRAMEWORK_HEADER = YES;
				CLANG_WARN_RANGE_LOOP_ANALYSIS = YES;
				CLANG_WARN_STRICT_PROTOTYPES = YES;
				CLANG_WARN_SUSPICIOUS_MOVE = YES;
				CLANG_WARN_UNGUARDED_AVAILABILITY = YES_AGGRESSIVE;
				CLANG_WARN_UNREACHABLE_CODE = YES;
				CLANG_WARN__DUPLICATE_METHOD_MATCH = YES;
				COPY_PHASE_STRIP = NO;
				DEBUG_INFORMATION_FORMAT = dwarf;
				DEVELOPMENT_TEAM = MV9HFFAF2K;
				ENABLE_STRICT_OBJC_MSGSEND = YES;
				ENABLE_TESTABILITY = YES;
				ENABLE_USER_SCRIPT_SANDBOXING = YES;
				GCC_C_LANGUAGE_STANDARD = gnu17;
				GCC_DYNAMIC_NO_PIC = NO;
				GCC_NO_COMMON_BLOCKS = YES;
				GCC_OPTIMIZATION_LEVEL = 0;
				GCC_PREPROCESSOR_DEFINITIONS = (
					"DEBUG=1",
					"$(inherited)",
				);
				GCC_WARN_64_TO_32_BIT_CONVERSION = YES;
				GCC_WARN_ABOUT_RETURN_TYPE = YES_ERROR;
				GCC_WARN_UNDECLARED_SELECTOR = YES;
				GCC_WARN_UNINITIALIZED_AUTOS = YES_AGGRESSIVE;
				GCC_WARN_UNUSED_FUNCTION = YES;
				GCC_WARN_UNUSED_VARIABLE = YES;
				IPHONEOS_DEPLOYMENT_TARGET = 26.4;
				LOCALIZATION_PREFERS_STRING_CATALOGS = YES;
				MTL_ENABLE_DEBUG_INFO = INCLUDE_SOURCE;
				MTL_FAST_MATH = YES;
				ONLY_ACTIVE_ARCH = YES;
				SDKROOT = iphoneos;
				STRING_CATALOG_GENERATE_SYMBOLS = YES;
				SWIFT_ACTIVE_COMPILATION_CONDITIONS = "DEBUG $(inherited)";
				SWIFT_OPTIMIZATION_LEVEL = "-Onone";
			};
			name = Debug;
		};
		56F25FF82F99E450000930EA /* Release */ = {
			isa = XCBuildConfiguration;
			buildSettings = {
				ALWAYS_SEARCH_USER_PATHS = NO;
				ASSETCATALOG_COMPILER_GENERATE_SWIFT_ASSET_SYMBOL_EXTENSIONS = YES;
				CLANG_ANALYZER_NONNULL = YES;
				CLANG_ANALYZER_NUMBER_OBJECT_CONVERSION = YES_AGGRESSIVE;
				CLANG_CXX_LANGUAGE_STANDARD = "gnu++20";
				CLANG_ENABLE_MODULES = YES;
				CLANG_ENABLE_OBJC_ARC = YES;
				CLANG_ENABLE_OBJC_WEAK = YES;
				CLANG_WARN_BLOCK_CAPTURE_AUTORELEASING = YES;
				CLANG_WARN_BOOL_CONVERSION = YES;
				CLANG_WARN_COMMA = YES;
				CLANG_WARN_CONSTANT_CONVERSION = YES;
				CLANG_WARN_DEPRECATED_OBJC_IMPLEMENTATIONS = YES;
				CLANG_WARN_DIRECT_OBJC_ISA_USAGE = YES_ERROR;
				CLANG_WARN_DOCUMENTATION_COMMENTS = YES;
				CLANG_WARN_EMPTY_BODY = YES;
				CLANG_WARN_ENUM_CONVERSION = YES;
				CLANG_WARN_INFINITE_RECURSION = YES;
				CLANG_WARN_INT_CONVERSION = YES;
				CLANG_WARN_NON_LITERAL_NULL_CONVERSION = YES;
				CLANG_WARN_OBJC_IMPLICIT_RETAIN_SELF = YES;
				CLANG_WARN_OBJC_LITERAL_CONVERSION = YES;
				CLANG_WARN_OBJC_ROOT_CLASS = YES_ERROR;
				CLANG_WARN_QUOTED_INCLUDE_IN_FRAMEWORK_HEADER = YES;
				CLANG_WARN_RANGE_LOOP_ANALYSIS = YES;
				CLANG_WARN_STRICT_PROTOTYPES = YES;
				CLANG_WARN_SUSPICIOUS_MOVE = YES;
				CLANG_WARN_UNGUARDED_AVAILABILITY = YES_AGGRESSIVE;
				CLANG_WARN_UNREACHABLE_CODE = YES;
				CLANG_WARN__DUPLICATE_METHOD_MATCH = YES;
				COPY_PHASE_STRIP = NO;
				DEBUG_INFORMATION_FORMAT = "dwarf-with-dsym";
				DEVELOPMENT_TEAM = MV9HFFAF2K;
				ENABLE_NS_ASSERTIONS = NO;
				ENABLE_STRICT_OBJC_MSGSEND = YES;
				ENABLE_USER_SCRIPT_SANDBOXING = YES;
				GCC_C_LANGUAGE_STANDARD = gnu17;
				GCC_NO_COMMON_BLOCKS = YES;
				GCC_WARN_64_TO_32_BIT_CONVERSION = YES;
				GCC_WARN_ABOUT_RETURN_TYPE = YES_ERROR;
				GCC_WARN_UNDECLARED_SELECTOR = YES;
				GCC_WARN_UNINITIALIZED_AUTOS = YES_AGGRESSIVE;
				GCC_WARN_UNUSED_FUNCTION = YES;
				GCC_WARN_UNUSED_VARIABLE = YES;
				IPHONEOS_DEPLOYMENT_TARGET = 26.4;
				LOCALIZATION_PREFERS_STRING_CATALOGS = YES;
				MTL_ENABLE_DEBUG_INFO = NO;
				MTL_FAST_MATH = YES;
				SDKROOT = iphoneos;
				STRING_CATALOG_GENERATE_SYMBOLS = YES;
				SWIFT_COMPILATION_MODE = wholemodule;
				VALIDATE_PRODUCT = YES;
			};
			name = Release;
		};
		56F25FFA2F99E450000930EA /* Debug */ = {
			isa = XCBuildConfiguration;
			buildSettings = {
				ASSETCATALOG_COMPILER_APPICON_NAME = AppIcon;
				ASSETCATALOG_COMPILER_GLOBAL_ACCENT_COLOR_NAME = AccentColor;
				CODE_SIGN_ENTITLEMENTS = Keligo/KeligoDebug.entitlements;
				CODE_SIGN_STYLE = Automatic;
				CURRENT_PROJECT_VERSION = 1;
				DEVELOPMENT_TEAM = MV9HFFAF2K;
				ENABLE_PREVIEWS = YES;
				GENERATE_INFOPLIST_FILE = YES;
				INFOPLIST_FILE = Keligo/Info.plist;
				INFOPLIST_KEY_CFBundleDisplayName = Keligo;
				INFOPLIST_KEY_GADApplicationIdentifier = "ca-app-pub-2301774166987825~7257592383";
				INFOPLIST_KEY_LSApplicationCategoryType = "public.app-category.word-games";
				INFOPLIST_KEY_NSUserTrackingUsageDescription = "Daha iyi bir deneyim sunmak için reklamları kişiselleştirmekte kullanılır.";
				INFOPLIST_KEY_UIApplicationSceneManifest_Generation = YES;
				INFOPLIST_KEY_UIApplicationSupportsIndirectInputEvents = YES;
				INFOPLIST_KEY_UILaunchScreen_Generation = YES;
				INFOPLIST_KEY_UISupportedInterfaceOrientations_iPad = "UIInterfaceOrientationPortrait UIInterfaceOrientationPortraitUpsideDown UIInterfaceOrientationLandscapeLeft UIInterfaceOrientationLandscapeRight";
				INFOPLIST_KEY_UISupportedInterfaceOrientations_iPhone = UIInterfaceOrientationPortrait;
				IPHONEOS_DEPLOYMENT_TARGET = 18.6;
				LD_RUNPATH_SEARCH_PATHS = (
					"$(inherited)",
					"@executable_path/Frameworks",
				);
				MARKETING_VERSION = 1.0;
				PRODUCT_BUNDLE_IDENTIFIER = com.fozzylabs.keligo;
				PRODUCT_NAME = "$(TARGET_NAME)";
				STRING_CATALOG_GENERATE_SYMBOLS = YES;
				SWIFT_APPROACHABLE_CONCURRENCY = YES;
				SWIFT_DEFAULT_ACTOR_ISOLATION = MainActor;
				SWIFT_EMIT_LOC_STRINGS = YES;
				SWIFT_UPCOMING_FEATURE_MEMBER_IMPORT_VISIBILITY = YES;
				SWIFT_VERSION = 5.0;
				TARGETED_DEVICE_FAMILY = "1,2";
			};
			name = Debug;
		};
		56F25FFB2F99E450000930EA /* Release */ = {
			isa = XCBuildConfiguration;
			buildSettings = {
				ASSETCATALOG_COMPILER_APPICON_NAME = AppIcon;
				ASSETCATALOG_COMPILER_GLOBAL_ACCENT_COLOR_NAME = AccentColor;
				CODE_SIGN_ENTITLEMENTS = Keligo/KeligoRelease.entitlements;
				CODE_SIGN_STYLE = Automatic;
				CURRENT_PROJECT_VERSION = 1;
				DEVELOPMENT_TEAM = MV9HFFAF2K;
				ENABLE_PREVIEWS = YES;
				GENERATE_INFOPLIST_FILE = YES;
				INFOPLIST_FILE = Keligo/Info.plist;
				INFOPLIST_KEY_CFBundleDisplayName = Keligo;
				INFOPLIST_KEY_GADApplicationIdentifier = "ca-app-pub-2301774166987825~7257592383";
				INFOPLIST_KEY_LSApplicationCategoryType = "public.app-category.word-games";
				INFOPLIST_KEY_NSUserTrackingUsageDescription = "Daha iyi bir deneyim sunmak için reklamları kişiselleştirmekte kullanılır.";
				INFOPLIST_KEY_UIApplicationSceneManifest_Generation = YES;
				INFOPLIST_KEY_UIApplicationSupportsIndirectInputEvents = YES;
				INFOPLIST_KEY_UILaunchScreen_Generation = YES;
				INFOPLIST_KEY_UISupportedInterfaceOrientations_iPad = "UIInterfaceOrientationPortrait UIInterfaceOrientationPortraitUpsideDown UIInterfaceOrientationLandscapeLeft UIInterfaceOrientationLandscapeRight";
				INFOPLIST_KEY_UISupportedInterfaceOrientations_iPhone = UIInterfaceOrientationPortrait;
				IPHONEOS_DEPLOYMENT_TARGET = 18.6;
				LD_RUNPATH_SEARCH_PATHS = (
					"$(inherited)",
					"@executable_path/Frameworks",
				);
				MARKETING_VERSION = 1.0;
				PRODUCT_BUNDLE_IDENTIFIER = com.fozzylabs.keligo;
				PRODUCT_NAME = "$(TARGET_NAME)";
				STRING_CATALOG_GENERATE_SYMBOLS = YES;
				SWIFT_APPROACHABLE_CONCURRENCY = YES;
				SWIFT_DEFAULT_ACTOR_ISOLATION = MainActor;
				SWIFT_EMIT_LOC_STRINGS = YES;
				SWIFT_UPCOMING_FEATURE_MEMBER_IMPORT_VISIBILITY = YES;
				SWIFT_VERSION = 5.0;
				TARGETED_DEVICE_FAMILY = "1,2";
			};
			name = Release;
		};
		56F25FFD2F99E450000930EA /* Debug */ = {
			isa = XCBuildConfiguration;
			buildSettings = {
				BUNDLE_LOADER = "$(TEST_HOST)";
				CODE_SIGN_STYLE = Automatic;
				CURRENT_PROJECT_VERSION = 1;
				DEVELOPMENT_TEAM = MV9HFFAF2K;
				GENERATE_INFOPLIST_FILE = YES;
				IPHONEOS_DEPLOYMENT_TARGET = 26.4;
				MARKETING_VERSION = 1.0;
				PRODUCT_BUNDLE_IDENTIFIER = com.fozzylabs.keligo.tests;
				PRODUCT_NAME = "$(TARGET_NAME)";
				STRING_CATALOG_GENERATE_SYMBOLS = NO;
				SWIFT_APPROACHABLE_CONCURRENCY = YES;
				SWIFT_EMIT_LOC_STRINGS = NO;
				SWIFT_UPCOMING_FEATURE_MEMBER_IMPORT_VISIBILITY = YES;
				SWIFT_VERSION = 5.0;
				TARGETED_DEVICE_FAMILY = "1,2";
				TEST_HOST = "$(BUILT_PRODUCTS_DIR)/Keligo.app/$(BUNDLE_EXECUTABLE_FOLDER_PATH)/Keligo";
			};
			name = Debug;
		};
		56F25FFE2F99E450000930EA /* Release */ = {
			isa = XCBuildConfiguration;
			buildSettings = {
				BUNDLE_LOADER = "$(TEST_HOST)";
				CODE_SIGN_STYLE = Automatic;
				CURRENT_PROJECT_VERSION = 1;
				DEVELOPMENT_TEAM = MV9HFFAF2K;
				GENERATE_INFOPLIST_FILE = YES;
				IPHONEOS_DEPLOYMENT_TARGET = 26.4;
				MARKETING_VERSION = 1.0;
				PRODUCT_BUNDLE_IDENTIFIER = com.fozzylabs.keligo.tests;
				PRODUCT_NAME = "$(TARGET_NAME)";
				STRING_CATALOG_GENERATE_SYMBOLS = NO;
				SWIFT_APPROACHABLE_CONCURRENCY = YES;
				SWIFT_EMIT_LOC_STRINGS = NO;
				SWIFT_UPCOMING_FEATURE_MEMBER_IMPORT_VISIBILITY = YES;
				SWIFT_VERSION = 5.0;
				TARGETED_DEVICE_FAMILY = "1,2";
				TEST_HOST = "$(BUILT_PRODUCTS_DIR)/Keligo.app/$(BUNDLE_EXECUTABLE_FOLDER_PATH)/Keligo";
			};
			name = Release;
		};
		56F260002F99E450000930EA /* Debug */ = {
			isa = XCBuildConfiguration;
			buildSettings = {
				CODE_SIGN_STYLE = Automatic;
				CURRENT_PROJECT_VERSION = 1;
				DEVELOPMENT_TEAM = MV9HFFAF2K;
				GENERATE_INFOPLIST_FILE = YES;
				MARKETING_VERSION = 1.0;
				PRODUCT_BUNDLE_IDENTIFIER = com.fozzylabs.keligo.uitests;
				PRODUCT_NAME = "$(TARGET_NAME)";
				STRING_CATALOG_GENERATE_SYMBOLS = NO;
				SWIFT_APPROACHABLE_CONCURRENCY = YES;
				SWIFT_EMIT_LOC_STRINGS = NO;
				SWIFT_UPCOMING_FEATURE_MEMBER_IMPORT_VISIBILITY = YES;
				SWIFT_VERSION = 5.0;
				TARGETED_DEVICE_FAMILY = "1,2";
				TEST_TARGET_NAME = Keligo;
			};
			name = Debug;
		};
		56F260012F99E450000930EA /* Release */ = {
			isa = XCBuildConfiguration;
			buildSettings = {
				CODE_SIGN_STYLE = Automatic;
				CURRENT_PROJECT_VERSION = 1;
				DEVELOPMENT_TEAM = MV9HFFAF2K;
				GENERATE_INFOPLIST_FILE = YES;
				MARKETING_VERSION = 1.0;
				PRODUCT_BUNDLE_IDENTIFIER = com.fozzylabs.keligo.uitests;
				PRODUCT_NAME = "$(TARGET_NAME)";
				STRING_CATALOG_GENERATE_SYMBOLS = NO;
				SWIFT_APPROACHABLE_CONCURRENCY = YES;
				SWIFT_EMIT_LOC_STRINGS = NO;
				SWIFT_UPCOMING_FEATURE_MEMBER_IMPORT_VISIBILITY = YES;
				SWIFT_VERSION = 5.0;
				TARGETED_DEVICE_FAMILY = "1,2";
				TEST_TARGET_NAME = Keligo;
			};
			name = Release;
		};
/* End XCBuildConfiguration section */

/* Begin XCConfigurationList section */
		56F25FD32F99E44E000930EA /* Build configuration list for PBXProject "Keligo" */ = {
			isa = XCConfigurationList;
			buildConfigurations = (
				56F25FF72F99E450000930EA /* Debug */,
				56F25FF82F99E450000930EA /* Release */,
			);
			defaultConfigurationIsVisible = 0;
			defaultConfigurationName = Release;
		};
		56F25FF92F99E450000930EA /* Build configuration list for PBXNativeTarget "Keligo" */ = {
			isa = XCConfigurationList;
			buildConfigurations = (
				56F25FFA2F99E450000930EA /* Debug */,
				56F25FFB2F99E450000930EA /* Release */,
			);
			defaultConfigurationIsVisible = 0;
			defaultConfigurationName = Release;
		};
		56F25FFC2F99E450000930EA /* Build configuration list for PBXNativeTarget "KeligoTests" */ = {
			isa = XCConfigurationList;
			buildConfigurations = (
				56F25FFD2F99E450000930EA /* Debug */,
				56F25FFE2F99E450000930EA /* Release */,
			);
			defaultConfigurationIsVisible = 0;
			defaultConfigurationName = Release;
		};
		56F25FFF2F99E450000930EA /* Build configuration list for PBXNativeTarget "KeligoUITests" */ = {
			isa = XCConfigurationList;
			buildConfigurations = (
				56F260002F99E450000930EA /* Debug */,
				56F260012F99E450000930EA /* Release */,
			);
			defaultConfigurationIsVisible = 0;
			defaultConfigurationName = Release;
		};
/* End XCConfigurationList section */

/* Begin XCRemoteSwiftPackageReference section */
		5698806B2FA93FA60013676F /* XCRemoteSwiftPackageReference "swift-package-manager-google-mobile-ads" */ = {
			isa = XCRemoteSwiftPackageReference;
			repositoryURL = "https://github.com/googleads/swift-package-manager-google-mobile-ads";
			requirement = {
				kind = upToNextMajorVersion;
				minimumVersion = 13.3.0;
			};
		};
		56F7FAAE2FADCD390042FEC5 /* XCRemoteSwiftPackageReference "firebase-ios-sdk" */ = {
			isa = XCRemoteSwiftPackageReference;
			repositoryURL = "https://github.com/firebase/firebase-ios-sdk";
			requirement = {
				kind = upToNextMajorVersion;
				minimumVersion = 12.13.0;
			};
		};
/* End XCRemoteSwiftPackageReference section */

/* Begin XCSwiftPackageProductDependency section */
		569881092FA944CF0013676F /* GoogleMobileAds */ = {
			isa = XCSwiftPackageProductDependency;
			package = 5698806B2FA93FA60013676F /* XCRemoteSwiftPackageReference "swift-package-manager-google-mobile-ads" */;
			productName = GoogleMobileAds;
		};
		56F7FAAF2FADCD390042FEC5 /* FirebaseAnalytics */ = {
			isa = XCSwiftPackageProductDependency;
			package = 56F7FAAE2FADCD390042FEC5 /* XCRemoteSwiftPackageReference "firebase-ios-sdk" */;
			productName = FirebaseAnalytics;
		};
		56F7FAB12FADCD390042FEC5 /* FirebaseCrashlytics */ = {
			isa = XCSwiftPackageProductDependency;
			package = 56F7FAAE2FADCD390042FEC5 /* XCRemoteSwiftPackageReference "firebase-ios-sdk" */;
			productName = FirebaseCrashlytics;
		};
/* End XCSwiftPackageProductDependency section */
	};
	rootObject = 56F25FD02F99E44E000930EA /* Project object */;
}
